{
  "name": "@rrd108/workbox-backgroundsync-message",
  "version": "0.0.1",
  "lockfileVersion": 1,
  "requires": true,
  "dependencies": {
    "workbox-background-sync": {
      "version": "6.0.2",
      "resolved": "https://registry.npmjs.org/workbox-background-sync/-/workbox-background-sync-6.0.2.tgz",
      "integrity": "sha512-KQU2ntvbvFoBvCRm+EDpWAaykt4u/oaF5j3C6io0dZVWhFc/ZwgYDii8fb34LTenug3VPWQELdw9dNBCoP4b0w==",
      "requires": {
        "workbox-core": "^6.0.2"
      }
    },
    "workbox-core": {
      "version": "6.0.2",
      "resolved": "https://registry.npmjs.org/workbox-core/-/workbox-core-6.0.2.tgz",
      "integrity": "sha512-Ksl6qeikGb+BOCILoCUJGxwlEQOeeqdpOnpOr9UDt3NtacPYbfYBmpYpKArw5DFWK+5geBsFqgUUlXThlCYfKQ=="
    }
  }
}
